{
  "nodes": {
    "nixpkgs": {
      "locked": {
        "lastModified": 1751810418,
        "narHash": "sha256-jd9K26HoVCwzjGGzDhmXXSqwzO1AlL9yHm79aXPxfEM=",
        "owner": "nixos",
        "repo": "nixpkgs",
        "rev": "20d93e55cf93485bf79e7bbc6b8f78c65c8950da",
        "type": "github"
      },
      "original": {
        "owner": "nixos",
        "repo": "nixpkgs",
        "type": "github"
      }
    },
    "root": {
      "inputs": {
        "nixpkgs": "nixpkgs"
      }
    }
  },
  "root": "root",
  "version": 7
}
