{
  "nodes": {
    "nixpkgs": {
      "locked": {
        "lastModified": 1752740163,
        "narHash": "sha256-MICqOadYsglZW+bclKZYhlxN1D5OhH8+TG07qsh+iBQ=",
        "owner": "nixos",
        "repo": "nixpkgs",
        "rev": "acf3b74d1e9f2dbf26bfdc3dfb47c6f0814d96ae",
        "type": "github"
      },
      "original": {
        "owner": "nixos",
        "repo": "nixpkgs",
        "type": "github"
      }
    },
    "root": {
      "inputs": {
        "nixpkgs": "nixpkgs"
      }
    }
  },
  "root": "root",
  "version": 7
}
